// !$*UTF8*$!
{
	archiveVersion = 1;
	classes = {
	};
	objectVersion = 50;
	objects = {

/* Begin PBXBuildFile section */
		D17612E9243827E000501541 /* AppDelegate.swift in Sources */ = {isa = PBXBuildFile; fileRef = D17612E8243827E000501541 /* AppDelegate.swift */; };
		D17612EB243827E000501541 /* SceneDelegate.swift in Sources */ = {isa = PBXBuildFile; fileRef = D17612EA243827E000501541 /* SceneDelegate.swift */; };
		D17612ED243827E000501541 /* ContentView.swift in Sources */ = {isa = PBXBuildFile; fileRef = D17612EC243827E000501541 /* ContentView.swift */; };
		D17612EF243827E000501541 /* Assets.xcassets in Resources */ = {isa = PBXBuildFile; fileRef = D17612EE243827E000501541 /* Assets.xcassets */; };
		D17612F2243827E000501541 /* Preview Assets.xcassets in Resources */ = {isa = PBXBuildFile; fileRef = D17612F1243827E000501541 /* Preview Assets.xcassets */; };
		D17612F5243827E000501541 /* LaunchScreen.storyboard in Resources */ = {isa = PBXBuildFile; fileRef = D17612F3243827E000501541 /* LaunchScreen.storyboard */; };
		D1761300243827E100501541 /* SwiftUIDragGesturesTests.swift in Sources */ = {isa = PBXBuildFile; fileRef = D17612FF243827E100501541 /* SwiftUIDragGesturesTests.swift */; };
		D176130B243827E100501541 /* SwiftUIDragGesturesUITests.swift in Sources */ = {isa = PBXBuildFile; fileRef = D176130A243827E100501541 /* SwiftUIDragGesturesUITests.swift */; };
/* End PBXBuildFile section */

/* Begin PBXContainerItemProxy section */
		D17612FC243827E100501541 /* PBXContainerItemProxy */ = {
			isa = PBXContainerItemProxy;
			containerPortal = D17612DD243827DF00501541 /* Project object */;
			proxyType = 1;
			remoteGlobalIDString = D17612E4243827DF00501541;
			remoteInfo = SwiftUIDragGestures;
		};
		D1761307243827E100501541 /* PBXContainerItemProxy */ = {
			isa = PBXContainerItemProxy;
			containerPortal = D17612DD243827DF00501541 /* Project object */;
			proxyType = 1;
			remoteGlobalIDString = D17612E4243827DF00501541;
			remoteInfo = SwiftUIDragGestures;
		};
/* End PBXContainerItemProxy section */

/* Begin PBXFileReference section */
		D17612E5243827DF00501541 /* SwiftUIDragGestures.app */ = {isa = PBXFileReference; explicitFileType = wrapper.application; includeInIndex = 0; path = SwiftUIDragGestures.app; sourceTree = BUILT_PRODUCTS_DIR; };
		D17612E8243827E000501541 /* AppDelegate.swift */ = {isa = PBXFileReference; lastKnownFileType = sourcecode.swift; path = AppDelegate.swift; sourceTree = "<group>"; };
		D17612EA243827E000501541 /* SceneDelegate.swift */ = {isa = PBXFileReference; lastKnownFileType = sourcecode.swift; path = SceneDelegate.swift; sourceTree = "<group>"; };
		D17612EC243827E000501541 /* ContentView.swift */ = {isa = PBXFileReference; lastKnownFileType = sourcecode.swift; path = ContentView.swift; sourceTree = "<group>"; };
		D17612EE243827E000501541 /* Assets.xcassets */ = {isa = PBXFileReference; lastKnownFileType = folder.assetcatalog; path = Assets.xcassets; sourceTree = "<group>"; };
		D17612F1243827E000501541 /* Preview Assets.xcassets */ = {isa = PBXFileReference; lastKnownFileType = folder.assetcatalog; path = "Preview Assets.xcassets"; sourceTree = "<group>"; };
		D17612F4243827E000501541 /* Base */ = {isa = PBXFileReference; lastKnownFileType = file.storyboard; name = Base; path = Base.lproj/LaunchScreen.storyboard; sourceTree = "<group>"; };
		D17612F6243827E000501541 /* Info.plist */ = {isa = PBXFileReference; lastKnownFileType = text.plist.xml; path = Info.plist; sourceTree = "<group>"; };
		D17612FB243827E100501541 /* SwiftUIDragGesturesTests.xctest */ = {isa = PBXFileReference; explicitFileType = wrapper.cfbundle; includeInIndex = 0; path = SwiftUIDragGesturesTests.xctest; sourceTree = BUILT_PRODUCTS_DIR; };
		D17612FF243827E100501541 /* SwiftUIDragGesturesTests.swift */ = {isa = PBXFileReference; lastKnownFileType = sourcecode.swift; path = SwiftUIDragGesturesTests.swift; sourceTree = "<group>"; };
		D1761301243827E100501541 /* Info.plist */ = {isa = PBXFileReference; lastKnownFileType = text.plist.xml; path = Info.plist; sourceTree = "<group>"; };
		D1761306243827E100501541 /* SwiftUIDragGesturesUITests.xctest */ = {isa = PBXFileReference; explicitFileType = wrapper.cfbundle; includeInIndex = 0; path = SwiftUIDragGesturesUITests.xctest; sourceTree = BUILT_PRODUCTS_DIR; };
		D176130A243827E100501541 /* SwiftUIDragGesturesUITests.swift */ = {isa = PBXFileReference; lastKnownFileType = sourcecode.swift; path = SwiftUIDragGesturesUITests.swift; sourceTree = "<group>"; };
		D176130C243827E100501541 /* Info.plist */ = {isa = PBXFileReference; lastKnownFileType = text.plist.xml; path = Info.plist; sourceTree = "<group>"; };
/* End PBXFileReference section */

/* Begin PBXFrameworksBuildPhase section */
		D17612E2243827DF00501541 /* Frameworks */ = {
			isa = PBXFrameworksBuildPhase;
			buildActionMask = 2147483647;
			files = (
			);
			runOnlyForDeploymentPostprocessing = 0;
		};
		D17612F8243827E100501541 /* Frameworks */ = {
			isa = PBXFrameworksBuildPhase;
			buildActionMask = 2147483647;
			files = (
			);
			runOnlyForDeploymentPostprocessing = 0;
		};
		D1761303243827E100501541 /* Frameworks */ = {
			isa = PBXFrameworksBuildPhase;
			buildActionMask = 2147483647;
			files = (
			);
			runOnlyForDeploymentPostprocessing = 0;
		};
/* End PBXFrameworksBuildPhase section */

/* Begin PBXGroup section */
		D17612DC243827DF00501541 = {
			isa = PBXGroup;
			children = (
				D17612E7243827DF00501541 /* SwiftUIDragGestures */,
				D17612FE243827E100501541 /* SwiftUIDragGesturesTests */,
				D1761309243827E100501541 /* SwiftUIDragGesturesUITests */,
				D17612E6243827DF00501541 /* Products */,
			);
			sourceTree = "<group>";
		};
		D17612E6243827DF00501541 /* Products */ = {
			isa = PBXGroup;
			children = (
				D17612E5243827DF00501541 /* SwiftUIDragGestures.app */,
				D17612FB243827E100501541 /* SwiftUIDragGesturesTests.xctest */,
				D1761306243827E100501541 /* SwiftUIDragGesturesUITests.xctest */,
			);
			name = Products;
			sourceTree = "<group>";
		};
		D17612E7243827DF00501541 /* SwiftUIDragGestures */ = {
			isa = PBXGroup;
			children = (
				D17612E8243827E000501541 /* AppDelegate.swift */,
				D17612EA243827E000501541 /* SceneDelegate.swift */,
				D17612EC243827E000501541 /* ContentView.swift */,
				D17612EE243827E000501541 /* Assets.xcassets */,
				D17612F3243827E000501541 /* LaunchScreen.storyboard */,
				D17612F6243827E000501541 /* Info.plist */,
				D17612F0243827E000501541 /* Preview Content */,
			);
			path = SwiftUIDragGestures;
			sourceTree = "<group>";
		};
		D17612F0243827E000501541 /* Preview Content */ = {
			isa = PBXGroup;
			children = (
				D17612F1243827E000501541 /* Preview Assets.xcassets */,
			);
			path = "Preview Content";
			sourceTree = "<group>";
		};
		D17612FE243827E100501541 /* SwiftUIDragGesturesTests */ = {
			isa = PBXGroup;
			children = (
				D17612FF243827E100501541 /* SwiftUIDragGesturesTests.swift */,
				D1761301243827E100501541 /* Info.plist */,
			);
			path = SwiftUIDragGesturesTests;
			sourceTree = "<group>";
		};
		D1761309243827E100501541 /* SwiftUIDragGesturesUITests */ = {
			isa = PBXGroup;
			children = (
				D176130A243827E100501541 /* SwiftUIDragGesturesUITests.swift */,
				D176130C243827E100501541 /* Info.plist */,
			);
			path = SwiftUIDragGesturesUITests;
			sourceTree = "<group>";
		};
/* End PBXGroup section */

/* Begin PBXNativeTarget section */
		D17612E4243827DF00501541 /* SwiftUIDragGestures */ = {
			isa = PBXNativeTarget;
			buildConfigurationList = D176130F243827E100501541 /* Build configuration list for PBXNativeTarget "SwiftUIDragGestures" */;
			buildPhases = (
				D17612E1243827DF00501541 /* Sources */,
				D17612E2243827DF00501541 /* Frameworks */,
				D17612E3243827DF00501541 /* Resources */,
			);
			buildRules = (
			);
			dependencies = (
			);
			name = SwiftUIDragGestures;
			productName = SwiftUIDragGestures;
			productReference = D17612E5243827DF00501541 /* SwiftUIDragGestures.app */;
			productType = "com.apple.product-type.application";
		};
		D17612FA243827E100501541 /* SwiftUIDragGesturesTests */ = {
			isa = PBXNativeTarget;
			buildConfigurationList = D1761312243827E100501541 /* Build configuration list for PBXNativeTarget "SwiftUIDragGesturesTests" */;
			buildPhases = (
				D17612F7243827E100501541 /* Sources */,
				D17612F8243827E100501541 /* Frameworks */,
				D17612F9243827E100501541 /* Resources */,
			);
			buildRules = (
			);
			dependencies = (
				D17612FD243827E100501541 /* PBXTargetDependency */,
			);
			name = SwiftUIDragGesturesTests;
			productName = SwiftUIDragGesturesTests;
			productReference = D17612FB243827E100501541 /* SwiftUIDragGesturesTests.xctest */;
			productType = "com.apple.product-type.bundle.unit-test";
		};
		D1761305243827E100501541 /* SwiftUIDragGesturesUITests */ = {
			isa = PBXNativeTarget;
			buildConfigurationList = D1761315243827E100501541 /* Build configuration list for PBXNativeTarget "SwiftUIDragGesturesUITests" */;
			buildPhases = (
				D1761302243827E100501541 /* Sources */,
				D1761303243827E100501541 /* Frameworks */,
				D1761304243827E100501541 /* Resources */,
			);
			buildRules = (
			);
			dependencies = (
				D1761308243827E100501541 /* PBXTargetDependency */,
			);
			name = SwiftUIDragGesturesUITests;
			productName = SwiftUIDragGesturesUITests;
			productReference = D1761306243827E100501541 /* SwiftUIDragGesturesUITests.xctest */;
			productType = "com.apple.product-type.bundle.ui-testing";
		};
/* End PBXNativeTarget section */

/* Begin PBXProject section */
		D17612DD243827DF00501541 /* Project object */ = {
			isa = PBXProject;
			attributes = {
				LastSwiftUpdateCheck = 1140;
				LastUpgradeCheck = 1140;
				ORGANIZATIONNAME = shiga;
				TargetAttributes = {
					D17612E4243827DF00501541 = {
						CreatedOnToolsVersion = 11.4;
					};
					D17612FA243827E100501541 = {
						CreatedOnToolsVersion = 11.4;
						TestTargetID = D17612E4243827DF00501541;
					};
					D1761305243827E100501541 = {
						CreatedOnToolsVersion = 11.4;
						TestTargetID = D17612E4243827DF00501541;
					};
				};
			};
			buildConfigurationList = D17612E0243827DF00501541 /* Build configuration list for PBXProject "SwiftUIDragGestures" */;
			compatibilityVersion = "Xcode 9.3";
			developmentRegion = en;
			hasScannedForEncodings = 0;
			knownRegions = (
				en,
				Base,
			);
			mainGroup = D17612DC243827DF00501541;
			productRefGroup = D17612E6243827DF00501541 /* Products */;
			projectDirPath = "";
			projectRoot = "";
			targets = (
				D17612E4243827DF00501541 /* SwiftUIDragGestures */,
				D17612FA243827E100501541 /* SwiftUIDragGesturesTests */,
				D1761305243827E100501541 /* SwiftUIDragGesturesUITests */,
			);
		};
/* End PBXProject section */

/* Begin PBXResourcesBuildPhase section */
		D17612E3243827DF00501541 /* Resources */ = {
			isa = PBXResourcesBuildPhase;
			buildActionMask = 2147483647;
			files = (
				D17612F5243827E000501541 /* LaunchScreen.storyboard in Resources */,
				D17612F2243827E000501541 /* Preview Assets.xcassets in Resources */,
				D17612EF243827E000501541 /* Assets.xcassets in Resources */,
			);
			runOnlyForDeploymentPostprocessing = 0;
		};
		D17612F9243827E100501541 /* Resources */ = {
			isa = PBXResourcesBuildPhase;
			buildActionMask = 2147483647;
			files = (
			);
			runOnlyForDeploymentPostprocessing = 0;
		};
		D1761304243827E100501541 /* Resources */ = {
			isa = PBXResourcesBuildPhase;
			buildActionMask = 2147483647;
			files = (
			);
			runOnlyForDeploymentPostprocessing = 0;
		};
/* End PBXResourcesBuildPhase section */

/* Begin PBXSourcesBuildPhase section */
		D17612E1243827DF00501541 /* Sources */ = {
			isa = PBXSourcesBuildPhase;
			buildActionMask = 2147483647;
			files = (
				D17612E9243827E000501541 /* AppDelegate.swift in Sources */,
				D17612EB243827E000501541 /* SceneDelegate.swift in Sources */,
				D17612ED243827E000501541 /* ContentView.swift in Sources */,
			);
			runOnlyForDeploymentPostprocessing = 0;
		};
		D17612F7243827E100501541 /* Sources */ = {
			isa = PBXSourcesBuildPhase;
			buildActionMask = 2147483647;
			files = (
				D1761300243827E100501541 /* SwiftUIDragGesturesTests.swift in Sources */,
			);
			runOnlyForDeploymentPostprocessing = 0;
		};
		D1761302243827E100501541 /* Sources */ = {
			isa = PBXSourcesBuildPhase;
			buildActionMask = 2147483647;
			files = (
				D176130B243827E100501541 /* SwiftUIDragGesturesUITests.swift in Sources */,
			);
			runOnlyForDeploymentPostprocessing = 0;
		};
/* End PBXSourcesBuildPhase section */

/* Begin PBXTargetDependency section */
		D17612FD243827E100501541 /* PBXTargetDependency */ = {
			isa = PBXTargetDependency;
			target = D17612E4243827DF00501541 /* SwiftUIDragGestures */;
			targetProxy = D17612FC243827E100501541 /* PBXContainerItemProxy */;
		};
		D1761308243827E100501541 /* PBXTargetDependency */ = {
			isa = PBXTargetDependency;
			target = D17612E4243827DF00501541 /* SwiftUIDragGestures */;
			targetProxy = D1761307243827E100501541 /* PBXContainerItemProxy */;
		};
/* End PBXTargetDependency section */

/* Begin PBXVariantGroup section */
		D17612F3243827E000501541 /* LaunchScreen.storyboard */ = {
			isa = PBXVariantGroup;
			children = (
				D17612F4243827E000501541 /* Base */,
			);
			name = LaunchScreen.storyboard;
			sourceTree = "<group>";
		};
/* End PBXVariantGroup section */

/* Begin XCBuildConfiguration section */
		D176130D243827E100501541 /* Debug */ = {
			isa = XCBuildConfiguration;
			buildSettings = {
				ALWAYS_SEARCH_USER_PATHS = NO;
				CLANG_ANALYZER_NONNULL = YES;
				CLANG_ANALYZER_NUMBER_OBJECT_CONVERSION = YES_AGGRESSIVE;
				CLANG_CXX_LANGUAGE_STANDARD = "gnu++14";
				CLANG_CXX_LIBRARY = "libc++";
				CLANG_ENABLE_MODULES = YES;
				CLANG_ENABLE_OBJC_ARC = YES;
				CLANG_ENABLE_OBJC_WEAK = YES;
				CLANG_WARN_BLOCK_CAPTURE_AUTORELEASING = YES;
				CLANG_WARN_BOOL_CONVERSION = YES;
				CLANG_WARN_COMMA = YES;
				CLANG_WARN_CONSTANT_CONVERSION = YES;
				CLANG_WARN_DEPRECATED_OBJC_IMPLEMENTATIONS = YES;
				CLANG_WARN_DIRECT_OBJC_ISA_USAGE = YES_ERROR;
				CLANG_WARN_DOCUMENTATION_COMMENTS = YES;
				CLANG_WARN_EMPTY_BODY = YES;
				CLANG_WARN_ENUM_CONVERSION = YES;
				CLANG_WARN_INFINITE_RECURSION = YES;
				CLANG_WARN_INT_CONVERSION = YES;
				CLANG_WARN_NON_LITERAL_NULL_CONVERSION = YES;
				CLANG_WARN_OBJC_IMPLICIT_RETAIN_SELF = YES;
				CLANG_WARN_OBJC_LITERAL_CONVERSION = YES;
				CLANG_WARN_OBJC_ROOT_CLASS = YES_ERROR;
				CLANG_WARN_RANGE_LOOP_ANALYSIS = YES;
				CLANG_WARN_STRICT_PROTOTYPES = YES;
				CLANG_WARN_SUSPICIOUS_MOVE = YES;
				CLANG_WARN_UNGUARDED_AVAILABILITY = YES_AGGRESSIVE;
				CLANG_WARN_UNREACHABLE_CODE = YES;
				CLANG_WARN__DUPLICATE_METHOD_MATCH = YES;
				COPY_PHASE_STRIP = NO;
				DEBUG_INFORMATION_FORMAT = dwarf;
				ENABLE_STRICT_OBJC_MSGSEND = YES;
				ENABLE_TESTABILITY = YES;
				GCC_C_LANGUAGE_STANDARD = gnu11;
				GCC_DYNAMIC_NO_PIC = NO;
				GCC_NO_COMMON_BLOCKS = YES;
				GCC_OPTIMIZATION_LEVEL = 0;
				GCC_PREPROCESSOR_DEFINITIONS = (
					"DEBUG=1",
					"$(inherited)",
				);
				GCC_WARN_64_TO_32_BIT_CONVERSION = YES;
				GCC_WARN_ABOUT_RETURN_TYPE = YES_ERROR;
				GCC_WARN_UNDECLARED_SELECTOR = YES;
				GCC_WARN_UNINITIALIZED_AUTOS = YES_AGGRESSIVE;
				GCC_WARN_UNUSED_FUNCTION = YES;
				GCC_WARN_UNUSED_VARIABLE = YES;
				IPHONEOS_DEPLOYMENT_TARGET = 13.4;
				MTL_ENABLE_DEBUG_INFO = INCLUDE_SOURCE;
				MTL_FAST_MATH = YES;
				ONLY_ACTIVE_ARCH = YES;
				SDKROOT = iphoneos;
				SWIFT_ACTIVE_COMPILATION_CONDITIONS = DEBUG;
				SWIFT_OPTIMIZATION_LEVEL = "-Onone";
			};
			name = Debug;
		};
		D176130E243827E100501541 /* Release */ = {
			isa = XCBuildConfiguration;
			buildSettings = {
				ALWAYS_SEARCH_USER_PATHS = NO;
				CLANG_ANALYZER_NONNULL = YES;
				CLANG_ANALYZER_NUMBER_OBJECT_CONVERSION = YES_AGGRESSIVE;
				CLANG_CXX_LANGUAGE_STANDARD = "gnu++14";
				CLANG_CXX_LIBRARY = "libc++";
				CLANG_ENABLE_MODULES = YES;
				CLANG_ENABLE_OBJC_ARC = YES;
				CLANG_ENABLE_OBJC_WEAK = YES;
				CLANG_WARN_BLOCK_CAPTURE_AUTORELEASING = YES;
				CLANG_WARN_BOOL_CONVERSION = YES;
				CLANG_WARN_COMMA = YES;
				CLANG_WARN_CONSTANT_CONVERSION = YES;
				CLANG_WARN_DEPRECATED_OBJC_IMPLEMENTATIONS = YES;
				CLANG_WARN_DIRECT_OBJC_ISA_USAGE = YES_ERROR;
				CLANG_WARN_DOCUMENTATION_COMMENTS = YES;
				CLANG_WARN_EMPTY_BODY = YES;
				CLANG_WARN_ENUM_CONVERSION = YES;
				CLANG_WARN_INFINITE_RECURSION = YES;
				CLANG_WARN_INT_CONVERSION = YES;
				CLANG_WARN_NON_LITERAL_NULL_CONVERSION = YES;
				CLANG_WARN_OBJC_IMPLICIT_RETAIN_SELF = YES;
				CLANG_WARN_OBJC_LITERAL_CONVERSION = YES;
				CLANG_WARN_OBJC_ROOT_CLASS = YES_ERROR;
				CLANG_WARN_RANGE_LOOP_ANALYSIS = YES;
				CLANG_WARN_STRICT_PROTOTYPES = YES;
				CLANG_WARN_SUSPICIOUS_MOVE = YES;
				CLANG_WARN_UNGUARDED_AVAILABILITY = YES_AGGRESSIVE;
				CLANG_WARN_UNREACHABLE_CODE = YES;
				CLANG_WARN__DUPLICATE_METHOD_MATCH = YES;
				COPY_PHASE_STRIP = NO;
				DEBUG_INFORMATION_FORMAT = "dwarf-with-dsym";
				ENABLE_NS_ASSERTIONS = NO;
				ENABLE_STRICT_OBJC_MSGSEND = YES;
				GCC_C_LANGUAGE_STANDARD = gnu11;
				GCC_NO_COMMON_BLOCKS = YES;
				GCC_WARN_64_TO_32_BIT_CONVERSION = YES;
				GCC_WARN_ABOUT_RETURN_TYPE = YES_ERROR;
				GCC_WARN_UNDECLARED_SELECTOR = YES;
				GCC_WARN_UNINITIALIZED_AUTOS = YES_AGGRESSIVE;
				GCC_WARN_UNUSED_FUNCTION = YES;
				GCC_WARN_UNUSED_VARIABLE = YES;
				IPHONEOS_DEPLOYMENT_TARGET = 13.4;
				MTL_ENABLE_DEBUG_INFO = NO;
				MTL_FAST_MATH = YES;
				SDKROOT = iphoneos;
				SWIFT_COMPILATION_MODE = wholemodule;
				SWIFT_OPTIMIZATION_LEVEL = "-O";
				VALIDATE_PRODUCT = YES;
			};
			name = Release;
		};
		D1761310243827E100501541 /* Debug */ = {
			isa = XCBuildConfiguration;
			buildSettings = {
				ASSETCATALOG_COMPILER_APPICON_NAME = AppIcon;
				CODE_SIGN_STYLE = Automatic;
				DEVELOPMENT_ASSET_PATHS = "\"SwiftUIDragGestures/Preview Content\"";
				DEVELOPMENT_TEAM = W8ZB6PL47P;
				ENABLE_PREVIEWS = YES;
				INFOPLIST_FILE = SwiftUIDragGestures/Info.plist;
				LD_RUNPATH_SEARCH_PATHS = (
					"$(inherited)",
					"@executable_path/Frameworks",
				);
				PRODUCT_BUNDLE_IDENTIFIER = com.Shigas.SwiftUIDragGestures;
				PRODUCT_NAME = "$(TARGET_NAME)";
				SWIFT_VERSION = 5.0;
				TARGETED_DEVICE_FAMILY = "1,2";
			};
			name = Debug;
		};
		D1761311243827E100501541 /* Release */ = {
			isa = XCBuildConfiguration;
			buildSettings = {
				ASSETCATALOG_COMPILER_APPICON_NAME = AppIcon;
				CODE_SIGN_STYLE = Automatic;
				DEVELOPMENT_ASSET_PATHS = "\"SwiftUIDragGestures/Preview Content\"";
				DEVELOPMENT_TEAM = W8ZB6PL47P;
				ENABLE_PREVIEWS = YES;
				INFOPLIST_FILE = SwiftUIDragGestures/Info.plist;
				LD_RUNPATH_SEARCH_PATHS = (
					"$(inherited)",
					"@executable_path/Frameworks",
				);
				PRODUCT_BUNDLE_IDENTIFIER = com.Shigas.SwiftUIDragGestures;
				PRODUCT_NAME = "$(TARGET_NAME)";
				SWIFT_VERSION = 5.0;
				TARGETED_DEVICE_FAMILY = "1,2";
			};
			name = Release;
		};
		D1761313243827E100501541 /* Debug */ = {
			isa = XCBuildConfiguration;
			buildSettings = {
				ALWAYS_EMBED_SWIFT_STANDARD_LIBRARIES = YES;
				BUNDLE_LOADER = "$(TEST_HOST)";
				CODE_SIGN_STYLE = Automatic;
				DEVELOPMENT_TEAM = W8ZB6PL47P;
				INFOPLIST_FILE = SwiftUIDragGesturesTests/Info.plist;
				IPHONEOS_DEPLOYMENT_TARGET = 13.4;
				LD_RUNPATH_SEARCH_PATHS = (
					"$(inherited)",
					"@executable_path/Frameworks",
					"@loader_path/Frameworks",
				);
				PRODUCT_BUNDLE_IDENTIFIER = com.Shigas.SwiftUIDragGesturesTests;
				PRODUCT_NAME = "$(TARGET_NAME)";
				SWIFT_VERSION = 5.0;
				TARGETED_DEVICE_FAMILY = "1,2";
				TEST_HOST = "$(BUILT_PRODUCTS_DIR)/SwiftUIDragGestures.app/SwiftUIDragGestures";
			};
			name = Debug;
		};
		D1761314243827E100501541 /* Release */ = {
			isa = XCBuildConfiguration;
			buildSettings = {
				ALWAYS_EMBED_SWIFT_STANDARD_LIBRARIES = YES;
				BUNDLE_LOADER = "$(TEST_HOST)";
				CODE_SIGN_STYLE = Automatic;
				DEVELOPMENT_TEAM = W8ZB6PL47P;
				INFOPLIST_FILE = SwiftUIDragGesturesTests/Info.plist;
				IPHONEOS_DEPLOYMENT_TARGET = 13.4;
				LD_RUNPATH_SEARCH_PATHS = (
					"$(inherited)",
					"@executable_path/Frameworks",
					"@loader_path/Frameworks",
				);
				PRODUCT_BUNDLE_IDENTIFIER = com.Shigas.SwiftUIDragGesturesTests;
				PRODUCT_NAME = "$(TARGET_NAME)";
				SWIFT_VERSION = 5.0;
				TARGETED_DEVICE_FAMILY = "1,2";
				TEST_HOST = "$(BUILT_PRODUCTS_DIR)/SwiftUIDragGestures.app/SwiftUIDragGestures";
			};
			name = Release;
		};
		D1761316243827E100501541 /* Debug */ = {
			isa = XCBuildConfiguration;
			buildSettings = {
				ALWAYS_EMBED_SWIFT_STANDARD_LIBRARIES = YES;
				CODE_SIGN_STYLE = Automatic;
				DEVELOPMENT_TEAM = W8ZB6PL47P;
				INFOPLIST_FILE = SwiftUIDragGesturesUITests/Info.plist;
				LD_RUNPATH_SEARCH_PATHS = (
					"$(inherited)",
					"@executable_path/Frameworks",
					"@loader_path/Frameworks",
				);
				PRODUCT_BUNDLE_IDENTIFIER = com.Shigas.SwiftUIDragGesturesUITests;
				PRODUCT_NAME = "$(TARGET_NAME)";
				SWIFT_VERSION = 5.0;
				TARGETED_DEVICE_FAMILY = "1,2";
				TEST_TARGET_NAME = SwiftUIDragGestures;
			};
			name = Debug;
		};
		D1761317243827E100501541 /* Release */ = {
			isa = XCBuildConfiguration;
			buildSettings = {
				ALWAYS_EMBED_SWIFT_STANDARD_LIBRARIES = YES;
				CODE_SIGN_STYLE = Automatic;
				DEVELOPMENT_TEAM = W8ZB6PL47P;
				INFOPLIST_FILE = SwiftUIDragGesturesUITests/Info.plist;
				LD_RUNPATH_SEARCH_PATHS = (
					"$(inherited)",
					"@executable_path/Frameworks",
					"@loader_path/Frameworks",
				);
				PRODUCT_BUNDLE_IDENTIFIER = com.Shigas.SwiftUIDragGesturesUITests;
				PRODUCT_NAME = "$(TARGET_NAME)";
				SWIFT_VERSION = 5.0;
				TARGETED_DEVICE_FAMILY = "1,2";
				TEST_TARGET_NAME = SwiftUIDragGestures;
			};
			name = Release;
		};
/* End XCBuildConfiguration section */

/* Begin XCConfigurationList section */
		D17612E0243827DF00501541 /* Build configuration list for PBXProject "SwiftUIDragGestures" */ = {
			isa = XCConfigurationList;
			buildConfigurations = (
				D176130D243827E100501541 /* Debug */,
				D176130E243827E100501541 /* Release */,
			);
			defaultConfigurationIsVisible = 0;
			defaultConfigurationName = Release;
		};
		D176130F243827E100501541 /* Build configuration list for PBXNativeTarget "SwiftUIDragGestures" */ = {
			isa = XCConfigurationList;
			buildConfigurations = (
				D1761310243827E100501541 /* Debug */,
				D1761311243827E100501541 /* Release */,
			);
			defaultConfigurationIsVisible = 0;
			defaultConfigurationName = Release;
		};
		D1761312243827E100501541 /* Build configuration list for PBXNativeTarget "SwiftUIDragGesturesTests" */ = {
			isa = XCConfigurationList;
			buildConfigurations = (
				D1761313243827E100501541 /* Debug */,
				D1761314243827E100501541 /* Release */,
			);
			defaultConfigurationIsVisible = 0;
			defaultConfigurationName = Release;
		};
		D1761315243827E100501541 /* Build configuration list for PBXNativeTarget "SwiftUIDragGesturesUITests" */ = {
			isa = XCConfigurationList;
			buildConfigurations = (
				D1761316243827E100501541 /* Debug */,
				D1761317243827E100501541 /* Release */,
			);
			defaultConfigurationIsVisible = 0;
			defaultConfigurationName = Release;
		};
/* End XCConfigurationList section */
	};
	rootObject = D17612DD243827DF00501541 /* Project object */;
}
